
Microsoft Visual Studio Solution File, Format Version 12.00
# Visual Studio 2012
Project("{2150E333-8FDC-42A3-9474-1A3956D46DE8}") = "src", "src", "{F7CBFE15-FFEE-407C-8B3D-8C4D7A3F0928}"
EndProject
Project("{2150E333-8FDC-42A3-9474-1A3956D46DE8}") = "test", "test", "{A1DA311E-42FE-4859-8D6C-045963B17A61}"
EndProject
Project("{FAE04EC0-301F-11D3-BF4B-00C04F79EFBC}") = "xunit", "src\xunit\xunit.csproj", "{09EF9917-4B00-4646-8C3F-96EFACC8BF51}"
EndProject
Project("{FAE04EC0-301F-11D3-BF4B-00C04F79EFBC}") = "xunit.console", "src\xunit.console\xunit.console.csproj", "{19C75545-5E0E-4E38-9995-511ED2DF6D30}"
EndProject
Project("{FAE04EC0-301F-11D3-BF4B-00C04F79EFBC}") = "xunit.extensions", "src\xunit.extensions\xunit.extensions.csproj", "{737943C1-4301-47F4-932B-A67BE3788C40}"
EndProject
Project("{FAE04EC0-301F-11D3-BF4B-00C04F79EFBC}") = "xunit.gui", "src\xunit.gui\xunit.gui.csproj", "{380A0890-48E0-405A-9E3F-45A69EEE8E01}"
EndProject
Project("{FAE04EC0-301F-11D3-BF4B-00C04F79EFBC}") = "xunit.installer", "src\xunit.installer\xunit.installer.csproj", "{4F16DF4B-8BBD-40E2-8AD4-82F58104A447}"
	ProjectSection(ProjectDependencies) = postProject
		{380A0890-48E0-405A-9E3F-45A69EEE8E01} = {380A0890-48E0-405A-9E3F-45A69EEE8E01}
		{785D4014-E42E-4E08-922F-3DE40DC7D9A0} = {785D4014-E42E-4E08-922F-3DE40DC7D9A0}
		{7D78105A-77A5-48DF-9568-391622DB3B29} = {7D78105A-77A5-48DF-9568-391622DB3B29}
		{C9B3978D-DA2C-4F3B-8FC5-1E024EF2F6E8} = {C9B3978D-DA2C-4F3B-8FC5-1E024EF2F6E8}
	EndProjectSection
EndProject
Project("{FAE04EC0-301F-11D3-BF4B-00C04F79EFBC}") = "xunit.runner.msbuild", "src\xunit.runner.msbuild\xunit.runner.msbuild.csproj", "{785D4014-E42E-4E08-922F-3DE40DC7D9A0}"
EndProject
Project("{FAE04EC0-301F-11D3-BF4B-00C04F79EFBC}") = "xunit.runner.tdnet", "src\xunit.runner.tdnet\xunit.runner.tdnet.csproj", "{C9B3978D-DA2C-4F3B-8FC5-1E024EF2F6E8}"
EndProject
Project("{FAE04EC0-301F-11D3-BF4B-00C04F79EFBC}") = "xunit.runner.utility", "src\xunit.runner.utility\xunit.runner.utility.csproj", "{2CE5D729-2E2A-4D36-8161-0F215B1C46AF}"
EndProject
Project("{FAE04EC0-301F-11D3-BF4B-00C04F79EFBC}") = "test.utility", "test\test.utility\test.utility.csproj", "{4FEC8604-E544-43C2-979C-F0815B5770E2}"
EndProject
Project("{FAE04EC0-301F-11D3-BF4B-00C04F79EFBC}") = "test.xunit", "test\test.xunit\test.xunit.csproj", "{C32639C0-50EB-49AB-9681-C3334E5DEAE7}"
EndProject
Project("{FAE04EC0-301F-11D3-BF4B-00C04F79EFBC}") = "test.xunit.console", "test\test.xunit.console\test.xunit.console.csproj", "{7AFFADA0-8F38-4D95-841E-A224B87A0011}"
	ProjectSection(ProjectDependencies) = postProject
		{19C75545-5E0E-4E38-9995-511ED2DF6D30} = {19C75545-5E0E-4E38-9995-511ED2DF6D30}
	EndProjectSection
EndProject
Project("{FAE04EC0-301F-11D3-BF4B-00C04F79EFBC}") = "test.xunit.extensions", "test\test.xunit.extensions\test.xunit.extensions.csproj", "{C0024D99-7260-475B-967A-A1CC894F3C19}"
EndProject
Project("{FAE04EC0-301F-11D3-BF4B-00C04F79EFBC}") = "test.xunit.gui", "test\test.xunit.gui\test.xunit.gui.csproj", "{8AD1BDD9-FC14-4854-A592-D2F113B9E2D4}"
EndProject
Project("{FAE04EC0-301F-11D3-BF4B-00C04F79EFBC}") = "test.xunit.runner.msbuild", "test\test.xunit.runner.msbuild\test.xunit.runner.msbuild.csproj", "{891BAE8F-78BB-4BA9-AF2F-0D61234969D4}"
EndProject
Project("{FAE04EC0-301F-11D3-BF4B-00C04F79EFBC}") = "test.xunit.runner.tdnet", "test\test.xunit.runner.tdnet\test.xunit.runner.tdnet.csproj", "{DCA5C113-49A6-415E-B014-A53A8E41CBE4}"
EndProject
Project("{FAE04EC0-301F-11D3-BF4B-00C04F79EFBC}") = "test.xunit.runner.utility", "test\test.xunit.runner.utility\test.xunit.runner.utility.csproj", "{BF9A60D8-F67E-4D30-AAB0-F1C9DEDF693F}"
EndProject
Project("{FAE04EC0-301F-11D3-BF4B-00C04F79EFBC}") = "xunit.runner.visualstudio", "src\xunit.runner.visualstudio\xunit.runner.visualstudio.csproj", "{924678EB-03AF-4513-827F-8D311CAFDAD7}"
EndProject
Project("{FAE04EC0-301F-11D3-BF4B-00C04F79EFBC}") = "xunit.extensionsdk", "src\xunit.extensionsdk\xunit.extensionsdk.csproj", "{D5EF684C-CD57-45F7-9423-F9AB9A72CCB6}"
EndProject
Project("{FAE04EC0-301F-11D3-BF4B-00C04F79EFBC}") = "test.xunit.metrostyle", "test\test.xunit.metrostyle\test.xunit.metrostyle.csproj", "{955C8ED5-2670-4E00-9D7F-F2DDBD0282D9}"
	ProjectSection(ProjectDependencies) = postProject
		{D5EF684C-CD57-45F7-9423-F9AB9A72CCB6} = {D5EF684C-CD57-45F7-9423-F9AB9A72CCB6}
	EndProjectSection
EndProject
Project("{FAE04EC0-301F-11D3-BF4B-00C04F79EFBC}") = "xUnit Test Library (Windows Store apps)", "src\xUnit Test Library (Windows Store apps)\xUnit Test Library (Windows Store apps).csproj", "{8F02DE2D-AFD1-4E4E-87F5-D35BC58537A7}"
	ProjectSection(ProjectDependencies) = postProject
		{D5EF684C-CD57-45F7-9423-F9AB9A72CCB6} = {D5EF684C-CD57-45F7-9423-F9AB9A72CCB6}
	EndProjectSection
EndProject
Project("{FAE04EC0-301F-11D3-BF4B-00C04F79EFBC}") = "xUnit Test Library Template", "src\xUnit Test Library Template Setup\xUnit Test Library Template.csproj", "{16FAA73A-B419-4B6B-AD1C-8D4F31370A33}"
EndProject
Global
	GlobalSection(SolutionConfigurationPlatforms) = preSolution
		Debug|Any CPU = Debug|Any CPU
		Debug|ARM = Debug|ARM
		Debug|x64 = Debug|x64
		Debug|x86 = Debug|x86
		Release|Any CPU = Release|Any CPU
		Release|ARM = Release|ARM
		Release|x64 = Release|x64
		Release|x86 = Release|x86
	EndGlobalSection
	GlobalSection(ProjectConfigurationPlatforms) = postSolution
		{09EF9917-4B00-4646-8C3F-96EFACC8BF51}.Debug|Any CPU.ActiveCfg = Debug|Any CPU
		{09EF9917-4B00-4646-8C3F-96EFACC8BF51}.Debug|Any CPU.Build.0 = Debug|Any CPU
		{09EF9917-4B00-4646-8C3F-96EFACC8BF51}.Debug|ARM.ActiveCfg = Debug|Any CPU
		{09EF9917-4B00-4646-8C3F-96EFACC8BF51}.Debug|x64.ActiveCfg = Debug|Any CPU
		{09EF9917-4B00-4646-8C3F-96EFACC8BF51}.Debug|x86.ActiveCfg = Debug|Any CPU
		{09EF9917-4B00-4646-8C3F-96EFACC8BF51}.Release|Any CPU.ActiveCfg = Release|Any CPU
		{09EF9917-4B00-4646-8C3F-96EFACC8BF51}.Release|Any CPU.Build.0 = Release|Any CPU
		{09EF9917-4B00-4646-8C3F-96EFACC8BF51}.Release|ARM.ActiveCfg = Release|Any CPU
		{09EF9917-4B00-4646-8C3F-96EFACC8BF51}.Release|x64.ActiveCfg = Release|Any CPU
		{09EF9917-4B00-4646-8C3F-96EFACC8BF51}.Release|x86.ActiveCfg = Release|Any CPU
		{19C75545-5E0E-4E38-9995-511ED2DF6D30}.Debug|Any CPU.ActiveCfg = Debug|Any CPU
		{19C75545-5E0E-4E38-9995-511ED2DF6D30}.Debug|Any CPU.Build.0 = Debug|Any CPU
		{19C75545-5E0E-4E38-9995-511ED2DF6D30}.Debug|ARM.ActiveCfg = Debug|Any CPU
		{19C75545-5E0E-4E38-9995-511ED2DF6D30}.Debug|x64.ActiveCfg = Debug|Any CPU
		{19C75545-5E0E-4E38-9995-511ED2DF6D30}.Debug|x86.ActiveCfg = Debug|Any CPU
		{19C75545-5E0E-4E38-9995-511ED2DF6D30}.Release|Any CPU.ActiveCfg = Release|Any CPU
		{19C75545-5E0E-4E38-9995-511ED2DF6D30}.Release|Any CPU.Build.0 = Release|Any CPU
		{19C75545-5E0E-4E38-9995-511ED2DF6D30}.Release|ARM.ActiveCfg = Release|Any CPU
		{19C75545-5E0E-4E38-9995-511ED2DF6D30}.Release|x64.ActiveCfg = Release|Any CPU
		{19C75545-5E0E-4E38-9995-511ED2DF6D30}.Release|x86.ActiveCfg = Release|Any CPU
		{737943C1-4301-47F4-932B-A67BE3788C40}.Debug|Any CPU.ActiveCfg = Debug|Any CPU
		{737943C1-4301-47F4-932B-A67BE3788C40}.Debug|Any CPU.Build.0 = Debug|Any CPU
		{737943C1-4301-47F4-932B-A67BE3788C40}.Debug|ARM.ActiveCfg = Debug|Any CPU
		{737943C1-4301-47F4-932B-A67BE3788C40}.Debug|x64.ActiveCfg = Debug|Any CPU
		{737943C1-4301-47F4-932B-A67BE3788C40}.Debug|x86.ActiveCfg = Debug|Any CPU
		{737943C1-4301-47F4-932B-A67BE3788C40}.Release|Any CPU.ActiveCfg = Release|Any CPU
		{737943C1-4301-47F4-932B-A67BE3788C40}.Release|Any CPU.Build.0 = Release|Any CPU
		{737943C1-4301-47F4-932B-A67BE3788C40}.Release|ARM.ActiveCfg = Release|Any CPU
		{737943C1-4301-47F4-932B-A67BE3788C40}.Release|x64.ActiveCfg = Release|Any CPU
		{737943C1-4301-47F4-932B-A67BE3788C40}.Release|x86.ActiveCfg = Release|Any CPU
		{380A0890-48E0-405A-9E3F-45A69EEE8E01}.Debug|Any CPU.ActiveCfg = Debug|Any CPU
		{380A0890-48E0-405A-9E3F-45A69EEE8E01}.Debug|Any CPU.Build.0 = Debug|Any CPU
		{380A0890-48E0-405A-9E3F-45A69EEE8E01}.Debug|ARM.ActiveCfg = Debug|Any CPU
		{380A0890-48E0-405A-9E3F-45A69EEE8E01}.Debug|x64.ActiveCfg = Debug|Any CPU
		{380A0890-48E0-405A-9E3F-45A69EEE8E01}.Debug|x86.ActiveCfg = Debug|Any CPU
		{380A0890-48E0-405A-9E3F-45A69EEE8E01}.Release|Any CPU.ActiveCfg = Release|Any CPU
		{380A0890-48E0-405A-9E3F-45A69EEE8E01}.Release|Any CPU.Build.0 = Release|Any CPU
		{380A0890-48E0-405A-9E3F-45A69EEE8E01}.Release|ARM.ActiveCfg = Release|Any CPU
		{380A0890-48E0-405A-9E3F-45A69EEE8E01}.Release|x64.ActiveCfg = Release|Any CPU
		{380A0890-48E0-405A-9E3F-45A69EEE8E01}.Release|x86.ActiveCfg = Release|Any CPU
		{4F16DF4B-8BBD-40E2-8AD4-82F58104A447}.Debug|Any CPU.ActiveCfg = Debug|Any CPU
		{4F16DF4B-8BBD-40E2-8AD4-82F58104A447}.Debug|Any CPU.Build.0 = Debug|Any CPU
		{4F16DF4B-8BBD-40E2-8AD4-82F58104A447}.Debug|ARM.ActiveCfg = Debug|Any CPU
		{4F16DF4B-8BBD-40E2-8AD4-82F58104A447}.Debug|x64.ActiveCfg = Debug|Any CPU
		{4F16DF4B-8BBD-40E2-8AD4-82F58104A447}.Debug|x86.ActiveCfg = Debug|Any CPU
		{4F16DF4B-8BBD-40E2-8AD4-82F58104A447}.Release|Any CPU.ActiveCfg = Release|Any CPU
		{4F16DF4B-8BBD-40E2-8AD4-82F58104A447}.Release|Any CPU.Build.0 = Release|Any CPU
		{4F16DF4B-8BBD-40E2-8AD4-82F58104A447}.Release|ARM.ActiveCfg = Release|Any CPU
		{4F16DF4B-8BBD-40E2-8AD4-82F58104A447}.Release|x64.ActiveCfg = Release|Any CPU
		{4F16DF4B-8BBD-40E2-8AD4-82F58104A447}.Release|x86.ActiveCfg = Release|Any CPU
		{785D4014-E42E-4E08-922F-3DE40DC7D9A0}.Debug|Any CPU.ActiveCfg = Debug|Any CPU
		{785D4014-E42E-4E08-922F-3DE40DC7D9A0}.Debug|Any CPU.Build.0 = Debug|Any CPU
		{785D4014-E42E-4E08-922F-3DE40DC7D9A0}.Debug|ARM.ActiveCfg = Debug|Any CPU
		{785D4014-E42E-4E08-922F-3DE40DC7D9A0}.Debug|x64.ActiveCfg = Debug|Any CPU
		{785D4014-E42E-4E08-922F-3DE40DC7D9A0}.Debug|x86.ActiveCfg = Debug|Any CPU
		{785D4014-E42E-4E08-922F-3DE40DC7D9A0}.Release|Any CPU.ActiveCfg = Release|Any CPU
		{785D4014-E42E-4E08-922F-3DE40DC7D9A0}.Release|Any CPU.Build.0 = Release|Any CPU
		{785D4014-E42E-4E08-922F-3DE40DC7D9A0}.Release|ARM.ActiveCfg = Release|Any CPU
		{785D4014-E42E-4E08-922F-3DE40DC7D9A0}.Release|x64.ActiveCfg = Release|Any CPU
		{785D4014-E42E-4E08-922F-3DE40DC7D9A0}.Release|x86.ActiveCfg = Release|Any CPU
		{C9B3978D-DA2C-4F3B-8FC5-1E024EF2F6E8}.Debug|Any CPU.ActiveCfg = Debug|Any CPU
		{C9B3978D-DA2C-4F3B-8FC5-1E024EF2F6E8}.Debug|Any CPU.Build.0 = Debug|Any CPU
		{C9B3978D-DA2C-4F3B-8FC5-1E024EF2F6E8}.Debug|ARM.ActiveCfg = Debug|Any CPU
		{C9B3978D-DA2C-4F3B-8FC5-1E024EF2F6E8}.Debug|x64.ActiveCfg = Debug|Any CPU
		{C9B3978D-DA2C-4F3B-8FC5-1E024EF2F6E8}.Debug|x86.ActiveCfg = Debug|Any CPU
		{C9B3978D-DA2C-4F3B-8FC5-1E024EF2F6E8}.Release|Any CPU.ActiveCfg = Release|Any CPU
		{C9B3978D-DA2C-4F3B-8FC5-1E024EF2F6E8}.Release|Any CPU.Build.0 = Release|Any CPU
		{C9B3978D-DA2C-4F3B-8FC5-1E024EF2F6E8}.Release|ARM.ActiveCfg = Release|Any CPU
		{C9B3978D-DA2C-4F3B-8FC5-1E024EF2F6E8}.Release|x64.ActiveCfg = Release|Any CPU
		{C9B3978D-DA2C-4F3B-8FC5-1E024EF2F6E8}.Release|x86.ActiveCfg = Release|Any CPU
		{2CE5D729-2E2A-4D36-8161-0F215B1C46AF}.Debug|Any CPU.ActiveCfg = Debug|Any CPU
		{2CE5D729-2E2A-4D36-8161-0F215B1C46AF}.Debug|Any CPU.Build.0 = Debug|Any CPU
		{2CE5D729-2E2A-4D36-8161-0F215B1C46AF}.Debug|ARM.ActiveCfg = Debug|Any CPU
		{2CE5D729-2E2A-4D36-8161-0F215B1C46AF}.Debug|x64.ActiveCfg = Debug|Any CPU
		{2CE5D729-2E2A-4D36-8161-0F215B1C46AF}.Debug|x86.ActiveCfg = Debug|Any CPU
		{2CE5D729-2E2A-4D36-8161-0F215B1C46AF}.Release|Any CPU.ActiveCfg = Release|Any CPU
		{2CE5D729-2E2A-4D36-8161-0F215B1C46AF}.Release|Any CPU.Build.0 = Release|Any CPU
		{2CE5D729-2E2A-4D36-8161-0F215B1C46AF}.Release|ARM.ActiveCfg = Release|Any CPU
		{2CE5D729-2E2A-4D36-8161-0F215B1C46AF}.Release|x64.ActiveCfg = Release|Any CPU
		{2CE5D729-2E2A-4D36-8161-0F215B1C46AF}.Release|x86.ActiveCfg = Release|Any CPU
		{4FEC8604-E544-43C2-979C-F0815B5770E2}.Debug|Any CPU.ActiveCfg = Debug|Any CPU
		{4FEC8604-E544-43C2-979C-F0815B5770E2}.Debug|Any CPU.Build.0 = Debug|Any CPU
		{4FEC8604-E544-43C2-979C-F0815B5770E2}.Debug|ARM.ActiveCfg = Debug|Any CPU
		{4FEC8604-E544-43C2-979C-F0815B5770E2}.Debug|x64.ActiveCfg = Debug|Any CPU
		{4FEC8604-E544-43C2-979C-F0815B5770E2}.Debug|x86.ActiveCfg = Debug|Any CPU
		{4FEC8604-E544-43C2-979C-F0815B5770E2}.Release|Any CPU.ActiveCfg = Release|Any CPU
		{4FEC8604-E544-43C2-979C-F0815B5770E2}.Release|Any CPU.Build.0 = Release|Any CPU
		{4FEC8604-E544-43C2-979C-F0815B5770E2}.Release|ARM.ActiveCfg = Release|Any CPU
		{4FEC8604-E544-43C2-979C-F0815B5770E2}.Release|x64.ActiveCfg = Release|Any CPU
		{4FEC8604-E544-43C2-979C-F0815B5770E2}.Release|x86.ActiveCfg = Release|Any CPU
		{C32639C0-50EB-49AB-9681-C3334E5DEAE7}.Debug|Any CPU.ActiveCfg = Debug|Any CPU
		{C32639C0-50EB-49AB-9681-C3334E5DEAE7}.Debug|Any CPU.Build.0 = Debug|Any CPU
		{C32639C0-50EB-49AB-9681-C3334E5DEAE7}.Debug|ARM.ActiveCfg = Debug|Any CPU
		{C32639C0-50EB-49AB-9681-C3334E5DEAE7}.Debug|x64.ActiveCfg = Debug|Any CPU
		{C32639C0-50EB-49AB-9681-C3334E5DEAE7}.Debug|x86.ActiveCfg = Debug|Any CPU
		{C32639C0-50EB-49AB-9681-C3334E5DEAE7}.Release|Any CPU.ActiveCfg = Release|Any CPU
		{C32639C0-50EB-49AB-9681-C3334E5DEAE7}.Release|Any CPU.Build.0 = Release|Any CPU
		{C32639C0-50EB-49AB-9681-C3334E5DEAE7}.Release|ARM.ActiveCfg = Release|Any CPU
		{C32639C0-50EB-49AB-9681-C3334E5DEAE7}.Release|x64.ActiveCfg = Release|Any CPU
		{C32639C0-50EB-49AB-9681-C3334E5DEAE7}.Release|x86.ActiveCfg = Release|Any CPU
		{7AFFADA0-8F38-4D95-841E-A224B87A0011}.Debug|Any CPU.ActiveCfg = Debug|Any CPU
		{7AFFADA0-8F38-4D95-841E-A224B87A0011}.Debug|Any CPU.Build.0 = Debug|Any CPU
		{7AFFADA0-8F38-4D95-841E-A224B87A0011}.Debug|ARM.ActiveCfg = Debug|Any CPU
		{7AFFADA0-8F38-4D95-841E-A224B87A0011}.Debug|x64.ActiveCfg = Debug|Any CPU
		{7AFFADA0-8F38-4D95-841E-A224B87A0011}.Debug|x86.ActiveCfg = Debug|Any CPU
		{7AFFADA0-8F38-4D95-841E-A224B87A0011}.Release|Any CPU.ActiveCfg = Release|Any CPU
		{7AFFADA0-8F38-4D95-841E-A224B87A0011}.Release|Any CPU.Build.0 = Release|Any CPU
		{7AFFADA0-8F38-4D95-841E-A224B87A0011}.Release|ARM.ActiveCfg = Release|Any CPU
		{7AFFADA0-8F38-4D95-841E-A224B87A0011}.Release|x64.ActiveCfg = Release|Any CPU
		{7AFFADA0-8F38-4D95-841E-A224B87A0011}.Release|x86.ActiveCfg = Release|Any CPU
		{C0024D99-7260-475B-967A-A1CC894F3C19}.Debug|Any CPU.ActiveCfg = Debug|Any CPU
		{C0024D99-7260-475B-967A-A1CC894F3C19}.Debug|Any CPU.Build.0 = Debug|Any CPU
		{C0024D99-7260-475B-967A-A1CC894F3C19}.Debug|ARM.ActiveCfg = Debug|Any CPU
		{C0024D99-7260-475B-967A-A1CC894F3C19}.Debug|x64.ActiveCfg = Debug|Any CPU
		{C0024D99-7260-475B-967A-A1CC894F3C19}.Debug|x86.ActiveCfg = Debug|Any CPU
		{C0024D99-7260-475B-967A-A1CC894F3C19}.Release|Any CPU.ActiveCfg = Release|Any CPU
		{C0024D99-7260-475B-967A-A1CC894F3C19}.Release|Any CPU.Build.0 = Release|Any CPU
		{C0024D99-7260-475B-967A-A1CC894F3C19}.Release|ARM.ActiveCfg = Release|Any CPU
		{C0024D99-7260-475B-967A-A1CC894F3C19}.Release|x64.ActiveCfg = Release|Any CPU
		{C0024D99-7260-475B-967A-A1CC894F3C19}.Release|x86.ActiveCfg = Release|Any CPU
		{8AD1BDD9-FC14-4854-A592-D2F113B9E2D4}.Debug|Any CPU.ActiveCfg = Debug|Any CPU
		{8AD1BDD9-FC14-4854-A592-D2F113B9E2D4}.Debug|Any CPU.Build.0 = Debug|Any CPU
		{8AD1BDD9-FC14-4854-A592-D2F113B9E2D4}.Debug|ARM.ActiveCfg = Debug|Any CPU
		{8AD1BDD9-FC14-4854-A592-D2F113B9E2D4}.Debug|x64.ActiveCfg = Debug|Any CPU
		{8AD1BDD9-FC14-4854-A592-D2F113B9E2D4}.Debug|x86.ActiveCfg = Debug|Any CPU
		{8AD1BDD9-FC14-4854-A592-D2F113B9E2D4}.Release|Any CPU.ActiveCfg = Release|Any CPU
		{8AD1BDD9-FC14-4854-A592-D2F113B9E2D4}.Release|Any CPU.Build.0 = Release|Any CPU
		{8AD1BDD9-FC14-4854-A592-D2F113B9E2D4}.Release|ARM.ActiveCfg = Release|Any CPU
		{8AD1BDD9-FC14-4854-A592-D2F113B9E2D4}.Release|x64.ActiveCfg = Release|Any CPU
		{8AD1BDD9-FC14-4854-A592-D2F113B9E2D4}.Release|x86.ActiveCfg = Release|Any CPU
		{891BAE8F-78BB-4BA9-AF2F-0D61234969D4}.Debug|Any CPU.ActiveCfg = Debug|Any CPU
		{891BAE8F-78BB-4BA9-AF2F-0D61234969D4}.Debug|Any CPU.Build.0 = Debug|Any CPU
		{891BAE8F-78BB-4BA9-AF2F-0D61234969D4}.Debug|ARM.ActiveCfg = Debug|Any CPU
		{891BAE8F-78BB-4BA9-AF2F-0D61234969D4}.Debug|x64.ActiveCfg = Debug|Any CPU
		{891BAE8F-78BB-4BA9-AF2F-0D61234969D4}.Debug|x86.ActiveCfg = Debug|Any CPU
		{891BAE8F-78BB-4BA9-AF2F-0D61234969D4}.Release|Any CPU.ActiveCfg = Release|Any CPU
		{891BAE8F-78BB-4BA9-AF2F-0D61234969D4}.Release|Any CPU.Build.0 = Release|Any CPU
		{891BAE8F-78BB-4BA9-AF2F-0D61234969D4}.Release|ARM.ActiveCfg = Release|Any CPU
		{891BAE8F-78BB-4BA9-AF2F-0D61234969D4}.Release|x64.ActiveCfg = Release|Any CPU
		{891BAE8F-78BB-4BA9-AF2F-0D61234969D4}.Release|x86.ActiveCfg = Release|Any CPU
		{DCA5C113-49A6-415E-B014-A53A8E41CBE4}.Debug|Any CPU.ActiveCfg = Debug|Any CPU
		{DCA5C113-49A6-415E-B014-A53A8E41CBE4}.Debug|Any CPU.Build.0 = Debug|Any CPU
		{DCA5C113-49A6-415E-B014-A53A8E41CBE4}.Debug|ARM.ActiveCfg = Debug|Any CPU
		{DCA5C113-49A6-415E-B014-A53A8E41CBE4}.Debug|x64.ActiveCfg = Debug|Any CPU
		{DCA5C113-49A6-415E-B014-A53A8E41CBE4}.Debug|x86.ActiveCfg = Debug|Any CPU
		{DCA5C113-49A6-415E-B014-A53A8E41CBE4}.Release|Any CPU.ActiveCfg = Release|Any CPU
		{DCA5C113-49A6-415E-B014-A53A8E41CBE4}.Release|Any CPU.Build.0 = Release|Any CPU
		{DCA5C113-49A6-415E-B014-A53A8E41CBE4}.Release|ARM.ActiveCfg = Release|Any CPU
		{DCA5C113-49A6-415E-B014-A53A8E41CBE4}.Release|x64.ActiveCfg = Release|Any CPU
		{DCA5C113-49A6-415E-B014-A53A8E41CBE4}.Release|x86.ActiveCfg = Release|Any CPU
		{BF9A60D8-F67E-4D30-AAB0-F1C9DEDF693F}.Debug|Any CPU.ActiveCfg = Debug|Any CPU
		{BF9A60D8-F67E-4D30-AAB0-F1C9DEDF693F}.Debug|Any CPU.Build.0 = Debug|Any CPU
		{BF9A60D8-F67E-4D30-AAB0-F1C9DEDF693F}.Debug|ARM.ActiveCfg = Debug|Any CPU
		{BF9A60D8-F67E-4D30-AAB0-F1C9DEDF693F}.Debug|x64.ActiveCfg = Debug|Any CPU
		{BF9A60D8-F67E-4D30-AAB0-F1C9DEDF693F}.Debug|x86.ActiveCfg = Debug|Any CPU
		{BF9A60D8-F67E-4D30-AAB0-F1C9DEDF693F}.Release|Any CPU.ActiveCfg = Release|Any CPU
		{BF9A60D8-F67E-4D30-AAB0-F1C9DEDF693F}.Release|Any CPU.Build.0 = Release|Any CPU
		{BF9A60D8-F67E-4D30-AAB0-F1C9DEDF693F}.Release|ARM.ActiveCfg = Release|Any CPU
		{BF9A60D8-F67E-4D30-AAB0-F1C9DEDF693F}.Release|x64.ActiveCfg = Release|Any CPU
		{BF9A60D8-F67E-4D30-AAB0-F1C9DEDF693F}.Release|x86.ActiveCfg = Release|Any CPU
		{7D78105A-77A5-48DF-9568-391622DB3B29}.Debug|Any CPU.ActiveCfg = Debug|Any CPU
		{7D78105A-77A5-48DF-9568-391622DB3B29}.Debug|Any CPU.Build.0 = Debug|Any CPU
		{7D78105A-77A5-48DF-9568-391622DB3B29}.Debug|ARM.ActiveCfg = Debug|Any CPU
		{7D78105A-77A5-48DF-9568-391622DB3B29}.Debug|x64.ActiveCfg = Debug|Any CPU
		{7D78105A-77A5-48DF-9568-391622DB3B29}.Debug|x86.ActiveCfg = Debug|Any CPU
		{7D78105A-77A5-48DF-9568-391622DB3B29}.Release|Any CPU.ActiveCfg = Release|Any CPU
		{7D78105A-77A5-48DF-9568-391622DB3B29}.Release|Any CPU.Build.0 = Release|Any CPU
		{7D78105A-77A5-48DF-9568-391622DB3B29}.Release|ARM.ActiveCfg = Release|Any CPU
		{7D78105A-77A5-48DF-9568-391622DB3B29}.Release|x64.ActiveCfg = Release|Any CPU
		{7D78105A-77A5-48DF-9568-391622DB3B29}.Release|x86.ActiveCfg = Release|Any CPU
		{924678EB-03AF-4513-827F-8D311CAFDAD7}.Debug|Any CPU.ActiveCfg = Debug|Any CPU
		{924678EB-03AF-4513-827F-8D311CAFDAD7}.Debug|Any CPU.Build.0 = Debug|Any CPU
		{924678EB-03AF-4513-827F-8D311CAFDAD7}.Debug|ARM.ActiveCfg = Debug|Any CPU
		{924678EB-03AF-4513-827F-8D311CAFDAD7}.Debug|x64.ActiveCfg = Debug|Any CPU
		{924678EB-03AF-4513-827F-8D311CAFDAD7}.Debug|x86.ActiveCfg = Debug|Any CPU
		{924678EB-03AF-4513-827F-8D311CAFDAD7}.Release|Any CPU.ActiveCfg = Release|Any CPU
		{924678EB-03AF-4513-827F-8D311CAFDAD7}.Release|Any CPU.Build.0 = Release|Any CPU
		{924678EB-03AF-4513-827F-8D311CAFDAD7}.Release|ARM.ActiveCfg = Release|Any CPU
		{924678EB-03AF-4513-827F-8D311CAFDAD7}.Release|x64.ActiveCfg = Release|Any CPU
		{924678EB-03AF-4513-827F-8D311CAFDAD7}.Release|x86.ActiveCfg = Release|Any CPU
		{D5EF684C-CD57-45F7-9423-F9AB9A72CCB6}.Debug|Any CPU.ActiveCfg = Debug|Any CPU
		{D5EF684C-CD57-45F7-9423-F9AB9A72CCB6}.Debug|Any CPU.Build.0 = Debug|Any CPU
		{D5EF684C-CD57-45F7-9423-F9AB9A72CCB6}.Debug|ARM.ActiveCfg = Debug|Any CPU
		{D5EF684C-CD57-45F7-9423-F9AB9A72CCB6}.Debug|x64.ActiveCfg = Debug|Any CPU
		{D5EF684C-CD57-45F7-9423-F9AB9A72CCB6}.Debug|x86.ActiveCfg = Debug|Any CPU
		{D5EF684C-CD57-45F7-9423-F9AB9A72CCB6}.Release|Any CPU.ActiveCfg = Release|Any CPU
		{D5EF684C-CD57-45F7-9423-F9AB9A72CCB6}.Release|Any CPU.Build.0 = Release|Any CPU
		{D5EF684C-CD57-45F7-9423-F9AB9A72CCB6}.Release|ARM.ActiveCfg = Release|Any CPU
		{D5EF684C-CD57-45F7-9423-F9AB9A72CCB6}.Release|x64.ActiveCfg = Release|Any CPU
		{D5EF684C-CD57-45F7-9423-F9AB9A72CCB6}.Release|x86.ActiveCfg = Release|Any CPU
		{955C8ED5-2670-4E00-9D7F-F2DDBD0282D9}.Debug|Any CPU.ActiveCfg = Debug|Any CPU
		{955C8ED5-2670-4E00-9D7F-F2DDBD0282D9}.Debug|Any CPU.Build.0 = Debug|Any CPU
		{955C8ED5-2670-4E00-9D7F-F2DDBD0282D9}.Debug|Any CPU.Deploy.0 = Debug|Any CPU
		{955C8ED5-2670-4E00-9D7F-F2DDBD0282D9}.Debug|ARM.ActiveCfg = Debug|ARM
		{955C8ED5-2670-4E00-9D7F-F2DDBD0282D9}.Debug|ARM.Build.0 = Debug|ARM
		{955C8ED5-2670-4E00-9D7F-F2DDBD0282D9}.Debug|ARM.Deploy.0 = Debug|ARM
		{955C8ED5-2670-4E00-9D7F-F2DDBD0282D9}.Debug|x64.ActiveCfg = Debug|x64
		{955C8ED5-2670-4E00-9D7F-F2DDBD0282D9}.Debug|x64.Build.0 = Debug|x64
		{955C8ED5-2670-4E00-9D7F-F2DDBD0282D9}.Debug|x64.Deploy.0 = Debug|x64
		{955C8ED5-2670-4E00-9D7F-F2DDBD0282D9}.Debug|x86.ActiveCfg = Debug|x86
		{955C8ED5-2670-4E00-9D7F-F2DDBD0282D9}.Debug|x86.Build.0 = Debug|x86
		{955C8ED5-2670-4E00-9D7F-F2DDBD0282D9}.Debug|x86.Deploy.0 = Debug|x86
		{955C8ED5-2670-4E00-9D7F-F2DDBD0282D9}.Release|Any CPU.ActiveCfg = Release|Any CPU
		{955C8ED5-2670-4E00-9D7F-F2DDBD0282D9}.Release|Any CPU.Build.0 = Release|Any CPU
		{955C8ED5-2670-4E00-9D7F-F2DDBD0282D9}.Release|Any CPU.Deploy.0 = Release|Any CPU
		{955C8ED5-2670-4E00-9D7F-F2DDBD0282D9}.Release|ARM.ActiveCfg = Release|ARM
		{955C8ED5-2670-4E00-9D7F-F2DDBD0282D9}.Release|ARM.Build.0 = Release|ARM
		{955C8ED5-2670-4E00-9D7F-F2DDBD0282D9}.Release|ARM.Deploy.0 = Release|ARM
		{955C8ED5-2670-4E00-9D7F-F2DDBD0282D9}.Release|x64.ActiveCfg = Release|x64
		{955C8ED5-2670-4E00-9D7F-F2DDBD0282D9}.Release|x64.Build.0 = Release|x64
		{955C8ED5-2670-4E00-9D7F-F2DDBD0282D9}.Release|x64.Deploy.0 = Release|x64
		{955C8ED5-2670-4E00-9D7F-F2DDBD0282D9}.Release|x86.ActiveCfg = Release|x86
		{955C8ED5-2670-4E00-9D7F-F2DDBD0282D9}.Release|x86.Build.0 = Release|x86
		{955C8ED5-2670-4E00-9D7F-F2DDBD0282D9}.Release|x86.Deploy.0 = Release|x86
		{16FAA73A-B419-4B6B-AD1C-8D4F31370A33}.Debug|Any CPU.ActiveCfg = Debug|Any CPU
		{16FAA73A-B419-4B6B-AD1C-8D4F31370A33}.Debug|Any CPU.Build.0 = Debug|Any CPU
		{16FAA73A-B419-4B6B-AD1C-8D4F31370A33}.Debug|ARM.ActiveCfg = Debug|Any CPU
		{16FAA73A-B419-4B6B-AD1C-8D4F31370A33}.Debug|x64.ActiveCfg = Debug|Any CPU
		{16FAA73A-B419-4B6B-AD1C-8D4F31370A33}.Debug|x86.ActiveCfg = Debug|Any CPU
		{16FAA73A-B419-4B6B-AD1C-8D4F31370A33}.Release|Any CPU.ActiveCfg = Release|Any CPU
		{16FAA73A-B419-4B6B-AD1C-8D4F31370A33}.Release|Any CPU.Build.0 = Release|Any CPU
		{16FAA73A-B419-4B6B-AD1C-8D4F31370A33}.Release|ARM.ActiveCfg = Release|Any CPU
		{16FAA73A-B419-4B6B-AD1C-8D4F31370A33}.Release|x64.ActiveCfg = Release|Any CPU
		{16FAA73A-B419-4B6B-AD1C-8D4F31370A33}.Release|x86.ActiveCfg = Release|Any CPU
		{8F02DE2D-AFD1-4E4E-87F5-D35BC58537A7}.Debug|Any CPU.ActiveCfg = Debug|Any CPU
		{8F02DE2D-AFD1-4E4E-87F5-D35BC58537A7}.Debug|Any CPU.Build.0 = Debug|Any CPU
		{8F02DE2D-AFD1-4E4E-87F5-D35BC58537A7}.Debug|ARM.ActiveCfg = Debug|Any CPU
		{8F02DE2D-AFD1-4E4E-87F5-D35BC58537A7}.Debug|x64.ActiveCfg = Debug|Any CPU
		{8F02DE2D-AFD1-4E4E-87F5-D35BC58537A7}.Debug|x86.ActiveCfg = Debug|Any CPU
		{8F02DE2D-AFD1-4E4E-87F5-D35BC58537A7}.Release|Any CPU.ActiveCfg = Release|Any CPU
		{8F02DE2D-AFD1-4E4E-87F5-D35BC58537A7}.Release|Any CPU.Build.0 = Release|Any CPU
		{8F02DE2D-AFD1-4E4E-87F5-D35BC58537A7}.Release|ARM.ActiveCfg = Release|Any CPU
		{8F02DE2D-AFD1-4E4E-87F5-D35BC58537A7}.Release|x64.ActiveCfg = Release|Any CPU
		{8F02DE2D-AFD1-4E4E-87F5-D35BC58537A7}.Release|x86.ActiveCfg = Release|Any CPU
	EndGlobalSection
	GlobalSection(SolutionProperties) = preSolution
		HideSolutionNode = FALSE
	EndGlobalSection
	GlobalSection(NestedProjects) = preSolution
		{09EF9917-4B00-4646-8C3F-96EFACC8BF51} = {F7CBFE15-FFEE-407C-8B3D-8C4D7A3F0928}
		{19C75545-5E0E-4E38-9995-511ED2DF6D30} = {F7CBFE15-FFEE-407C-8B3D-8C4D7A3F0928}
		{737943C1-4301-47F4-932B-A67BE3788C40} = {F7CBFE15-FFEE-407C-8B3D-8C4D7A3F0928}
		{380A0890-48E0-405A-9E3F-45A69EEE8E01} = {F7CBFE15-FFEE-407C-8B3D-8C4D7A3F0928}
		{785D4014-E42E-4E08-922F-3DE40DC7D9A0} = {F7CBFE15-FFEE-407C-8B3D-8C4D7A3F0928}
		{C9B3978D-DA2C-4F3B-8FC5-1E024EF2F6E8} = {F7CBFE15-FFEE-407C-8B3D-8C4D7A3F0928}
		{2CE5D729-2E2A-4D36-8161-0F215B1C46AF} = {F7CBFE15-FFEE-407C-8B3D-8C4D7A3F0928}
		{924678EB-03AF-4513-827F-8D311CAFDAD7} = {F7CBFE15-FFEE-407C-8B3D-8C4D7A3F0928}
		{D5EF684C-CD57-45F7-9423-F9AB9A72CCB6} = {F7CBFE15-FFEE-407C-8B3D-8C4D7A3F0928}
		{4FEC8604-E544-43C2-979C-F0815B5770E2} = {A1DA311E-42FE-4859-8D6C-045963B17A61}
		{C32639C0-50EB-49AB-9681-C3334E5DEAE7} = {A1DA311E-42FE-4859-8D6C-045963B17A61}
		{7AFFADA0-8F38-4D95-841E-A224B87A0011} = {A1DA311E-42FE-4859-8D6C-045963B17A61}
		{C0024D99-7260-475B-967A-A1CC894F3C19} = {A1DA311E-42FE-4859-8D6C-045963B17A61}
		{8AD1BDD9-FC14-4854-A592-D2F113B9E2D4} = {A1DA311E-42FE-4859-8D6C-045963B17A61}
		{891BAE8F-78BB-4BA9-AF2F-0D61234969D4} = {A1DA311E-42FE-4859-8D6C-045963B17A61}
		{DCA5C113-49A6-415E-B014-A53A8E41CBE4} = {A1DA311E-42FE-4859-8D6C-045963B17A61}
		{BF9A60D8-F67E-4D30-AAB0-F1C9DEDF693F} = {A1DA311E-42FE-4859-8D6C-045963B17A61}
		{955C8ED5-2670-4E00-9D7F-F2DDBD0282D9} = {A1DA311E-42FE-4859-8D6C-045963B17A61}
		{7D78105A-77A5-48DF-9568-391622DB3B29} = {59B9F05C-31D6-4646-85FB-AD4EDDCB2E4A}
		{16FAA73A-B419-4B6B-AD1C-8D4F31370A33} = {59B9F05C-31D6-4646-85FB-AD4EDDCB2E4A}
		{8F02DE2D-AFD1-4E4E-87F5-D35BC58537A7} = {59B9F05C-31D6-4646-85FB-AD4EDDCB2E4A}
	EndGlobalSection
EndGlobal
